{
  "name": "schachprogramm",
  "lockfileVersion": 3,
  "requires": true,
  "packages": {
    "": {
      "name": "schachprogramm",
      "dependencies": {
        "chess.js": "1.4.0"
      },
      "devDependencies": {
        "@electric-sql/pglite": "^0.5.8"
      }
    },
    "node_modules/@electric-sql/pglite": {
      "version": "0.5.8",
      "resolved": "https://registry.npmjs.org/@electric-sql/pglite/-/pglite-0.5.8.tgz",
      "integrity": "sha512-n9tsbUOhwx2epK1V0ZG9Ar4SHWUju04dhmzZXiSBXwBoleOvIfals33NAaWgagQVAL4Rbvx/Ptsu3P+pA09f6Q==",
      "dev": true,
      "license": "Apache-2.0"
    },
    "node_modules/chess.js": {
      "version": "1.4.0",
      "resolved": "https://registry.npmjs.org/chess.js/-/chess.js-1.4.0.tgz",
      "integrity": "sha512-BBJgrrtKQOzFLonR0l+k64A98NLemPwNsCskwb+29bRwobUa4iTm51E1kwGPbWXAcfdDa18nad6vpPPKPWarqw==",
      "license": "BSD-2-Clause"
    }
  }
}
